<Solution>
  <Project Path="D:/Desktop/PS/CinemaApp/CinemaApp.Core/CinemaApp.Core.csproj" />
  <Project Path="D:/Desktop/PS/CinemaApp/CinemaApp.Data/CinemaApp.Data.csproj" />
  <Project Path="D:/Desktop/PS/CinemaApp/CinemaApp.Web/CinemaApp.Web.csproj" Id="b39d748a-77c2-41d1-aa95-995cfdae9ac7" />
</Solution>
